
Microsoft Visual Studio Solution File, Format Version 12.00
# Visual Studio 15
VisualStudioVersion = 15.0.27428.2037
MinimumVisualStudioVersion = 10.0.40219.1
Project("{FAE04EC0-301F-11D3-BF4B-00C04F79EFBC}") = "test2018", "test2018\test2018.csproj", "{71553551-44B0-4C0F-BD57-C9F4AFD4A0D8}"
EndProject
Global
	GlobalSection(SolutionConfigurationPlatforms) = preSolution
		Debug|Any CPU = Debug|Any CPU
		Release|Any CPU = Release|Any CPU
	EndGlobalSection
	GlobalSection(ProjectConfigurationPlatforms) = postSolution
		{71553551-44B0-4C0F-BD57-C9F4AFD4A0D8}.Debug|Any CPU.ActiveCfg = Debug|Any CPU
		{71553551-44B0-4C0F-BD57-C9F4AFD4A0D8}.Debug|Any CPU.Build.0 = Debug|Any CPU
		{71553551-44B0-4C0F-BD57-C9F4AFD4A0D8}.Release|Any CPU.ActiveCfg = Release|Any CPU
		{71553551-44B0-4C0F-BD57-C9F4AFD4A0D8}.Release|Any CPU.Build.0 = Release|Any CPU
	EndGlobalSection
	GlobalSection(SolutionProperties) = preSolution
		HideSolutionNode = FALSE
	EndGlobalSection
	GlobalSection(ExtensibilityGlobals) = postSolution
		SolutionGuid = {79FF9E33-E290-41A5-9A31-55D2FB1A98AC}
	EndGlobalSection
EndGlobal
